
Microsoft Visual Studio Solution File, Format Version 12.00
# Visual Studio 2012
Project("{FAE04EC0-301F-11D3-BF4B-00C04F79EFBC}") = "safsdfsdgdsgfd", "safsdfsdgdsgfd\safsdfsdgdsgfd.csproj", "{2238008B-4B72-46EB-834F-4472143F5B6E}"
EndProject
Project("{FAE04EC0-301F-11D3-BF4B-00C04F79EFBC}") = "safsdfsdgdsgfd.UITests", "safsdfsdgdsgfd.UITests\safsdfsdgdsgfd.UITests.csproj", "{A01E7504-60CC-43E5-AEE2-FD71441CD286}"
EndProject
Global
	GlobalSection(SolutionConfigurationPlatforms) = preSolution
		Debug|Any CPU = Debug|Any CPU
		Release|Any CPU = Release|Any CPU
	EndGlobalSection
	GlobalSection(ProjectConfigurationPlatforms) = postSolution
		{2238008B-4B72-46EB-834F-4472143F5B6E}.Debug|Any CPU.ActiveCfg = Debug|Any CPU
		{2238008B-4B72-46EB-834F-4472143F5B6E}.Debug|Any CPU.Build.0 = Debug|Any CPU
		{2238008B-4B72-46EB-834F-4472143F5B6E}.Release|Any CPU.ActiveCfg = Release|Any CPU
		{2238008B-4B72-46EB-834F-4472143F5B6E}.Release|Any CPU.Build.0 = Release|Any CPU
		{A01E7504-60CC-43E5-AEE2-FD71441CD286}.Debug|Any CPU.ActiveCfg = Debug|Any CPU
		{A01E7504-60CC-43E5-AEE2-FD71441CD286}.Debug|Any CPU.Build.0 = Debug|Any CPU
		{A01E7504-60CC-43E5-AEE2-FD71441CD286}.Release|Any CPU.ActiveCfg = Release|Any CPU
		{A01E7504-60CC-43E5-AEE2-FD71441CD286}.Release|Any CPU.Build.0 = Release|Any CPU
	EndGlobalSection
EndGlobal
